{
  "name": "web",
  "version": "1.0.0",
  "lockfileVersion": 3,
  "requires": true,
  "packages": {
    "": {
      "name": "web",
      "version": "1.0.0",
      "license": "ISC",
      "dependencies": {
        "@cornerstonejs/codec-openjph": "^2.4.7"
      }
    },
    "node_modules/@cornerstonejs/codec-openjph": {
      "version": "2.4.7",
      "resolved": "https://registry.npmjs.org/@cornerstonejs/codec-openjph/-/codec-openjph-2.4.7.tgz",
      "integrity": "sha512-qvP4q4JDib7mi9r7LqKOwqz7YZ8gjtDX4ZCezeYf8+eb7MBXCz5uXAMeVF3yz9Axw4XiIMdB/pqXkm8tqCl13w==",
      "license": "MIT",
      "engines": {
        "node": ">=0.14"
      }
    }
  }
}
